{
  "name": "flybody-runtime",
  "lockfileVersion": 3,
  "requires": true,
  "packages": {
    "": {
      "dependencies": {
        "@mujoco/mujoco": "3.13.0"
      }
    },
    "node_modules/@mujoco/mujoco": {
      "version": "3.13.0",
      "resolved": "https://registry.npmjs.org/@mujoco/mujoco/-/mujoco-3.13.0.tgz",
      "integrity": "sha512-9OAp3i2pR9U8SnJfr+/UcmxpbIOcUUSBjNGY79XS4NYcyYjztqHmx1kl/83yoEpxDd40WBcDOKZqNhEmhN1+Sg==",
      "license": "Apache-2.0"
    }
  }
}
